
Microsoft Visual Studio Solution File, Format Version 12.00
# Visual Studio Version 16
VisualStudioVersion = 16.0.30503.244
MinimumVisualStudioVersion = 10.0.40219.1
Project("{FAE04EC0-301F-11D3-BF4B-00C04F79EFBC}") = "QuanLyDanhSach", "QuanLyDanhSach\QuanLyDanhSach.csproj", "{00254176-DA73-46E7-BC03-DF8D60989838}"
EndProject
Global
	GlobalSection(SolutionConfigurationPlatforms) = preSolution
		Debug|Any CPU = Debug|Any CPU
		Release|Any CPU = Release|Any CPU
	EndGlobalSection
	GlobalSection(ProjectConfigurationPlatforms) = postSolution
		{00254176-DA73-46E7-BC03-DF8D60989838}.Debug|Any CPU.ActiveCfg = Debug|Any CPU
		{00254176-DA73-46E7-BC03-DF8D60989838}.Debug|Any CPU.Build.0 = Debug|Any CPU
		{00254176-DA73-46E7-BC03-DF8D60989838}.Release|Any CPU.ActiveCfg = Release|Any CPU
		{00254176-DA73-46E7-BC03-DF8D60989838}.Release|Any CPU.Build.0 = Release|Any CPU
	EndGlobalSection
	GlobalSection(SolutionProperties) = preSolution
		HideSolutionNode = FALSE
	EndGlobalSection
	GlobalSection(ExtensibilityGlobals) = postSolution
		SolutionGuid = {57245D42-624C-4B17-8326-43215E7DC4CC}
	EndGlobalSection
EndGlobal
