
Microsoft Visual Studio Solution File, Format Version 12.00
# Visual Studio 14
VisualStudioVersion = 14.0.25420.1
MinimumVisualStudioVersion = 10.0.40219.1
Project("{FAE04EC0-301F-11D3-BF4B-00C04F79EFBC}") = "Baitap5", "Chuong1\Baitap5.csproj", "{22311766-82E7-40D2-9D19-65F090413725}"
EndProject
Project("{FAE04EC0-301F-11D3-BF4B-00C04F79EFBC}") = "Baitap4", "Baitap4\Baitap4.csproj", "{F0DD6A05-F395-451A-A356-8D5BBC972EAE}"
EndProject
Project("{FAE04EC0-301F-11D3-BF4B-00C04F79EFBC}") = "Baitap6", "Baitap6\Baitap6.csproj", "{BF880935-F6E8-4DB8-B64C-10A073E6545B}"
EndProject
Project("{FAE04EC0-301F-11D3-BF4B-00C04F79EFBC}") = "Baitap7", "Baitap7\Baitap7.csproj", "{AF820606-0686-4842-8220-56C68C77DD91}"
EndProject
Project("{FAE04EC0-301F-11D3-BF4B-00C04F79EFBC}") = "Baitap8", "Baitap8\Baitap8.csproj", "{7AD5FCED-813F-4DD1-9C1F-53291E2E6F38}"
EndProject
Global
	GlobalSection(SolutionConfigurationPlatforms) = preSolution
		Debug|Any CPU = Debug|Any CPU
		Release|Any CPU = Release|Any CPU
	EndGlobalSection
	GlobalSection(ProjectConfigurationPlatforms) = postSolution
		{22311766-82E7-40D2-9D19-65F090413725}.Debug|Any CPU.ActiveCfg = Debug|Any CPU
		{22311766-82E7-40D2-9D19-65F090413725}.Debug|Any CPU.Build.0 = Debug|Any CPU
		{22311766-82E7-40D2-9D19-65F090413725}.Release|Any CPU.ActiveCfg = Release|Any CPU
		{22311766-82E7-40D2-9D19-65F090413725}.Release|Any CPU.Build.0 = Release|Any CPU
		{F0DD6A05-F395-451A-A356-8D5BBC972EAE}.Debug|Any CPU.ActiveCfg = Debug|Any CPU
		{F0DD6A05-F395-451A-A356-8D5BBC972EAE}.Debug|Any CPU.Build.0 = Debug|Any CPU
		{F0DD6A05-F395-451A-A356-8D5BBC972EAE}.Release|Any CPU.ActiveCfg = Release|Any CPU
		{F0DD6A05-F395-451A-A356-8D5BBC972EAE}.Release|Any CPU.Build.0 = Release|Any CPU
		{BF880935-F6E8-4DB8-B64C-10A073E6545B}.Debug|Any CPU.ActiveCfg = Debug|Any CPU
		{BF880935-F6E8-4DB8-B64C-10A073E6545B}.Debug|Any CPU.Build.0 = Debug|Any CPU
		{BF880935-F6E8-4DB8-B64C-10A073E6545B}.Release|Any CPU.ActiveCfg = Release|Any CPU
		{BF880935-F6E8-4DB8-B64C-10A073E6545B}.Release|Any CPU.Build.0 = Release|Any CPU
		{AF820606-0686-4842-8220-56C68C77DD91}.Debug|Any CPU.ActiveCfg = Debug|Any CPU
		{AF820606-0686-4842-8220-56C68C77DD91}.Debug|Any CPU.Build.0 = Debug|Any CPU
		{AF820606-0686-4842-8220-56C68C77DD91}.Release|Any CPU.ActiveCfg = Release|Any CPU
		{AF820606-0686-4842-8220-56C68C77DD91}.Release|Any CPU.Build.0 = Release|Any CPU
		{7AD5FCED-813F-4DD1-9C1F-53291E2E6F38}.Debug|Any CPU.ActiveCfg = Debug|Any CPU
		{7AD5FCED-813F-4DD1-9C1F-53291E2E6F38}.Debug|Any CPU.Build.0 = Debug|Any CPU
		{7AD5FCED-813F-4DD1-9C1F-53291E2E6F38}.Release|Any CPU.ActiveCfg = Release|Any CPU
		{7AD5FCED-813F-4DD1-9C1F-53291E2E6F38}.Release|Any CPU.Build.0 = Release|Any CPU
	EndGlobalSection
	GlobalSection(SolutionProperties) = preSolution
		HideSolutionNode = FALSE
	EndGlobalSection
EndGlobal
